// !$*UTF8*$!
{
	archiveVersion = 1;
	classes = {
	};
	objectVersion = 56;
	objects = {

/* Begin PBXBuildFile section */
		E9014E0C2B23684D00B14280 /* SidebarCellView.swift in Sources */ = {isa = PBXBuildFile; fileRef = E9014E0B2B23684D00B14280 /* SidebarCellView.swift */; };
		E9014E0F2B2368F300B14280 /* Then.swift in Sources */ = {isa = PBXBuildFile; fileRef = E9014E0E2B2368F300B14280 /* Then.swift */; };
		E9014E132B236EB700B14280 /* TextViewController.swift in Sources */ = {isa = PBXBuildFile; fileRef = E9014E122B236EB700B14280 /* TextViewController.swift */; };
		E9014E182B2487F000B14280 /* InspectorViewController.swift in Sources */ = {isa = PBXBuildFile; fileRef = E9014E172B2487F000B14280 /* InspectorViewController.swift */; };
		E931EDAA2B21F2BD0044786E /* Document.swift in Sources */ = {isa = PBXBuildFile; fileRef = E931EDA92B21F2BD0044786E /* Document.swift */; };
		E931EDAD2B2215D40044786E /* ToolbarController.swift in Sources */ = {isa = PBXBuildFile; fileRef = E931EDAC2B2215D40044786E /* ToolbarController.swift */; };
		E931EDB02B2219820044786E /* UIFoundation in Frameworks */ = {isa = PBXBuildFile; productRef = E931EDAF2B2219820044786E /* UIFoundation */; };
		E9A2B6F62B205375007DF1E2 /* AppDelegate.swift in Sources */ = {isa = PBXBuildFile; fileRef = E9A2B6F52B205375007DF1E2 /* AppDelegate.swift */; };
		E9A2B6F82B205375007DF1E2 /* MainSplitViewController.swift in Sources */ = {isa = PBXBuildFile; fileRef = E9A2B6F72B205375007DF1E2 /* MainSplitViewController.swift */; };
		E9A2B6FA2B205376007DF1E2 /* Assets.xcassets in Resources */ = {isa = PBXBuildFile; fileRef = E9A2B6F92B205376007DF1E2 /* Assets.xcassets */; };
		E9A2B6FD2B205376007DF1E2 /* Main.storyboard in Resources */ = {isa = PBXBuildFile; fileRef = E9A2B6FB2B205376007DF1E2 /* Main.storyboard */; };
		E9A2B70D2B205CA9007DF1E2 /* SidebarViewController.swift in Sources */ = {isa = PBXBuildFile; fileRef = E9A2B70C2B205CA9007DF1E2 /* SidebarViewController.swift */; };
		E9A2B70F2B205CAF007DF1E2 /* OutlineViewController.swift in Sources */ = {isa = PBXBuildFile; fileRef = E9A2B70E2B205CAF007DF1E2 /* OutlineViewController.swift */; };
		E9AD29CF2B24B9D000A900F1 /* InspectorCellView.swift in Sources */ = {isa = PBXBuildFile; fileRef = E9AD29CE2B24B9D000A900F1 /* InspectorCellView.swift */; };
		E9AD29D12B24BA0400A900F1 /* TreeNodeCellView.swift in Sources */ = {isa = PBXBuildFile; fileRef = E9AD29D02B24BA0400A900F1 /* TreeNodeCellView.swift */; };
		E9AD29DD2B24F78100A900F1 /* WelcomeManager.swift in Sources */ = {isa = PBXBuildFile; fileRef = E9AD29DC2B24F78100A900F1 /* WelcomeManager.swift */; };
		E9AD29DF2B24FD7700A900F1 /* XMLViewMode.swift in Sources */ = {isa = PBXBuildFile; fileRef = E9AD29DE2B24FD7700A900F1 /* XMLViewMode.swift */; };
		E9AD29FD2B256F9600A900F1 /* MagicLoading in Frameworks */ = {isa = PBXBuildFile; productRef = E9AD29FC2B256F9600A900F1 /* MagicLoading */; };
		E9AD2A1F2B25E01800A900F1 /* DocumentController.swift in Sources */ = {isa = PBXBuildFile; fileRef = E9AD2A1E2B25E01800A900F1 /* DocumentController.swift */; };
		E9AD2A222B25F2F300A900F1 /* ZIPFoundation in Frameworks */ = {isa = PBXBuildFile; productRef = E9AD2A212B25F2F300A900F1 /* ZIPFoundation */; };
		E9AD2A252B25F42F00A900F1 /* IDEIcons in Frameworks */ = {isa = PBXBuildFile; productRef = E9AD2A242B25F42F00A900F1 /* IDEIcons */; };
		E9AD2A272B25F55B00A900F1 /* XMLNode.Kind+.swift in Sources */ = {isa = PBXBuildFile; fileRef = E9AD2A262B25F55B00A900F1 /* XMLNode.Kind+.swift */; };
		E9AD2A292B25FB6100A900F1 /* XMLDocumentItem.swift in Sources */ = {isa = PBXBuildFile; fileRef = E9AD2A282B25FB6100A900F1 /* XMLDocumentItem.swift */; };
		E9AD2A2B2B25FB6700A900F1 /* XMLDocumentItemStore.swift in Sources */ = {isa = PBXBuildFile; fileRef = E9AD2A2A2B25FB6700A900F1 /* XMLDocumentItemStore.swift */; };
		E9AD2A2D2B25FBEC00A900F1 /* Storyboard.swift in Sources */ = {isa = PBXBuildFile; fileRef = E9AD2A2C2B25FBEC00A900F1 /* Storyboard.swift */; };
		E9AD2A302B261C3A00A900F1 /* WelcomeKit in Frameworks */ = {isa = PBXBuildFile; productRef = E9AD2A2F2B261C3A00A900F1 /* WelcomeKit */; };
		E9AD2A332B2744CA00A900F1 /* KeyCodes in Frameworks */ = {isa = PBXBuildFile; productRef = E9AD2A322B2744CA00A900F1 /* KeyCodes */; };
		E9AD2A352B274ADB00A900F1 /* OutlineSplitViewController.swift in Sources */ = {isa = PBXBuildFile; fileRef = E9AD2A342B274ADB00A900F1 /* OutlineSplitViewController.swift */; };
		E9AD2A372B274AF200A900F1 /* TextSplitViewController.swift in Sources */ = {isa = PBXBuildFile; fileRef = E9AD2A362B274AF200A900F1 /* TextSplitViewController.swift */; };
		E9AD2A392B274FD900A900F1 /* FocusObservationSplitViewController.swift in Sources */ = {isa = PBXBuildFile; fileRef = E9AD2A382B274FD900A900F1 /* FocusObservationSplitViewController.swift */; };
		E9AD2A3B2B27783100A900F1 /* EmbedViewController.swift in Sources */ = {isa = PBXBuildFile; fileRef = E9AD2A3A2B27783100A900F1 /* EmbedViewController.swift */; };
		E9AD2A3D2B277A7F00A900F1 /* ContainerView.xib in Resources */ = {isa = PBXBuildFile; fileRef = E9AD2A3C2B277A7F00A900F1 /* ContainerView.xib */; };
		E9CC81072B21BA66005DAF2F /* XMLParserDelegate.swift in Sources */ = {isa = PBXBuildFile; fileRef = E9CC81062B21BA66005DAF2F /* XMLParserDelegate.swift */; };
		E9CC81092B21BB07005DAF2F /* XMLDocument+.swift in Sources */ = {isa = PBXBuildFile; fileRef = E9CC81082B21BB07005DAF2F /* XMLDocument+.swift */; };
		E9CC810B2B21BB1C005DAF2F /* XMLNodeItem.swift in Sources */ = {isa = PBXBuildFile; fileRef = E9CC810A2B21BB1C005DAF2F /* XMLNodeItem.swift */; };
		E9CC810D2B21D1AE005DAF2F /* WindowController.swift in Sources */ = {isa = PBXBuildFile; fileRef = E9CC810C2B21D1AE005DAF2F /* WindowController.swift */; };
		E9CC81132B22CC69005DAF2F /* SFSymbol in Frameworks */ = {isa = PBXBuildFile; productRef = E9CC81122B22CC69005DAF2F /* SFSymbol */; };
		E9CC81152B22F8E0005DAF2F /* ContentViewController.swift in Sources */ = {isa = PBXBuildFile; fileRef = E9CC81142B22F8E0005DAF2F /* ContentViewController.swift */; };
/* End PBXBuildFile section */

/* Begin PBXFileReference section */
		E9014E0B2B23684D00B14280 /* SidebarCellView.swift */ = {isa = PBXFileReference; lastKnownFileType = sourcecode.swift; path = SidebarCellView.swift; sourceTree = "<group>"; };
		E9014E0E2B2368F300B14280 /* Then.swift */ = {isa = PBXFileReference; fileEncoding = 4; lastKnownFileType = sourcecode.swift; path = Then.swift; sourceTree = "<group>"; };
		E9014E122B236EB700B14280 /* TextViewController.swift */ = {isa = PBXFileReference; lastKnownFileType = sourcecode.swift; path = TextViewController.swift; sourceTree = "<group>"; };
		E9014E172B2487F000B14280 /* InspectorViewController.swift */ = {isa = PBXFileReference; lastKnownFileType = sourcecode.swift; path = InspectorViewController.swift; sourceTree = "<group>"; };
		E931EDA92B21F2BD0044786E /* Document.swift */ = {isa = PBXFileReference; lastKnownFileType = sourcecode.swift; path = Document.swift; sourceTree = "<group>"; };
		E931EDAB2B21F4270044786E /* Info.plist */ = {isa = PBXFileReference; lastKnownFileType = text.plist; path = Info.plist; sourceTree = "<group>"; };
		E931EDAC2B2215D40044786E /* ToolbarController.swift */ = {isa = PBXFileReference; lastKnownFileType = sourcecode.swift; path = ToolbarController.swift; sourceTree = "<group>"; };
		E9A2B6F22B205375007DF1E2 /* XMLViewer.app */ = {isa = PBXFileReference; explicitFileType = wrapper.application; includeInIndex = 0; path = XMLViewer.app; sourceTree = BUILT_PRODUCTS_DIR; };
		E9A2B6F52B205375007DF1E2 /* AppDelegate.swift */ = {isa = PBXFileReference; lastKnownFileType = sourcecode.swift; path = AppDelegate.swift; sourceTree = "<group>"; };
		E9A2B6F72B205375007DF1E2 /* MainSplitViewController.swift */ = {isa = PBXFileReference; lastKnownFileType = sourcecode.swift; path = MainSplitViewController.swift; sourceTree = "<group>"; };
		E9A2B6F92B205376007DF1E2 /* Assets.xcassets */ = {isa = PBXFileReference; lastKnownFileType = folder.assetcatalog; path = Assets.xcassets; sourceTree = "<group>"; };
		E9A2B6FC2B205376007DF1E2 /* Base */ = {isa = PBXFileReference; lastKnownFileType = file.storyboard; name = Base; path = Base.lproj/Main.storyboard; sourceTree = "<group>"; };
		E9A2B6FE2B205376007DF1E2 /* XMLViewer.entitlements */ = {isa = PBXFileReference; lastKnownFileType = text.plist.entitlements; path = XMLViewer.entitlements; sourceTree = "<group>"; };
		E9A2B70C2B205CA9007DF1E2 /* SidebarViewController.swift */ = {isa = PBXFileReference; lastKnownFileType = sourcecode.swift; path = SidebarViewController.swift; sourceTree = "<group>"; };
		E9A2B70E2B205CAF007DF1E2 /* OutlineViewController.swift */ = {isa = PBXFileReference; lastKnownFileType = sourcecode.swift; path = OutlineViewController.swift; sourceTree = "<group>"; };
		E9AD29CE2B24B9D000A900F1 /* InspectorCellView.swift */ = {isa = PBXFileReference; lastKnownFileType = sourcecode.swift; path = InspectorCellView.swift; sourceTree = "<group>"; };
		E9AD29D02B24BA0400A900F1 /* TreeNodeCellView.swift */ = {isa = PBXFileReference; lastKnownFileType = sourcecode.swift; path = TreeNodeCellView.swift; sourceTree = "<group>"; };
		E9AD29DC2B24F78100A900F1 /* WelcomeManager.swift */ = {isa = PBXFileReference; lastKnownFileType = sourcecode.swift; path = WelcomeManager.swift; sourceTree = "<group>"; };
		E9AD29DE2B24FD7700A900F1 /* XMLViewMode.swift */ = {isa = PBXFileReference; lastKnownFileType = sourcecode.swift; path = XMLViewMode.swift; sourceTree = "<group>"; };
		E9AD2A1E2B25E01800A900F1 /* DocumentController.swift */ = {isa = PBXFileReference; lastKnownFileType = sourcecode.swift; path = DocumentController.swift; sourceTree = "<group>"; };
		E9AD2A262B25F55B00A900F1 /* XMLNode.Kind+.swift */ = {isa = PBXFileReference; lastKnownFileType = sourcecode.swift; path = "XMLNode.Kind+.swift"; sourceTree = "<group>"; };
		E9AD2A282B25FB6100A900F1 /* XMLDocumentItem.swift */ = {isa = PBXFileReference; lastKnownFileType = sourcecode.swift; path = XMLDocumentItem.swift; sourceTree = "<group>"; };
		E9AD2A2A2B25FB6700A900F1 /* XMLDocumentItemStore.swift */ = {isa = PBXFileReference; lastKnownFileType = sourcecode.swift; path = XMLDocumentItemStore.swift; sourceTree = "<group>"; };
		E9AD2A2C2B25FBEC00A900F1 /* Storyboard.swift */ = {isa = PBXFileReference; lastKnownFileType = sourcecode.swift; path = Storyboard.swift; sourceTree = "<group>"; };
		E9AD2A342B274ADB00A900F1 /* OutlineSplitViewController.swift */ = {isa = PBXFileReference; lastKnownFileType = sourcecode.swift; path = OutlineSplitViewController.swift; sourceTree = "<group>"; };
		E9AD2A362B274AF200A900F1 /* TextSplitViewController.swift */ = {isa = PBXFileReference; lastKnownFileType = sourcecode.swift; path = TextSplitViewController.swift; sourceTree = "<group>"; };
		E9AD2A382B274FD900A900F1 /* FocusObservationSplitViewController.swift */ = {isa = PBXFileReference; lastKnownFileType = sourcecode.swift; path = FocusObservationSplitViewController.swift; sourceTree = "<group>"; };
		E9AD2A3A2B27783100A900F1 /* EmbedViewController.swift */ = {isa = PBXFileReference; lastKnownFileType = sourcecode.swift; path = EmbedViewController.swift; sourceTree = "<group>"; };
		E9AD2A3C2B277A7F00A900F1 /* ContainerView.xib */ = {isa = PBXFileReference; lastKnownFileType = file.xib; path = ContainerView.xib; sourceTree = "<group>"; };
		E9CC81062B21BA66005DAF2F /* XMLParserDelegate.swift */ = {isa = PBXFileReference; lastKnownFileType = sourcecode.swift; path = XMLParserDelegate.swift; sourceTree = "<group>"; };
		E9CC81082B21BB07005DAF2F /* XMLDocument+.swift */ = {isa = PBXFileReference; lastKnownFileType = sourcecode.swift; path = "XMLDocument+.swift"; sourceTree = "<group>"; };
		E9CC810A2B21BB1C005DAF2F /* XMLNodeItem.swift */ = {isa = PBXFileReference; lastKnownFileType = sourcecode.swift; path = XMLNodeItem.swift; sourceTree = "<group>"; };
		E9CC810C2B21D1AE005DAF2F /* WindowController.swift */ = {isa = PBXFileReference; lastKnownFileType = sourcecode.swift; path = WindowController.swift; sourceTree = "<group>"; };
		E9CC81142B22F8E0005DAF2F /* ContentViewController.swift */ = {isa = PBXFileReference; lastKnownFileType = sourcecode.swift; path = ContentViewController.swift; sourceTree = "<group>"; };
/* End PBXFileReference section */

/* Begin PBXFrameworksBuildPhase section */
		E9A2B6EF2B205375007DF1E2 /* Frameworks */ = {
			isa = PBXFrameworksBuildPhase;
			buildActionMask = 2147483647;
			files = (
				E9AD2A302B261C3A00A900F1 /* WelcomeKit in Frameworks */,
				E9AD2A252B25F42F00A900F1 /* IDEIcons in Frameworks */,
				E9AD29FD2B256F9600A900F1 /* MagicLoading in Frameworks */,
				E9CC81132B22CC69005DAF2F /* SFSymbol in Frameworks */,
				E931EDB02B2219820044786E /* UIFoundation in Frameworks */,
				E9AD2A222B25F2F300A900F1 /* ZIPFoundation in Frameworks */,
				E9AD2A332B2744CA00A900F1 /* KeyCodes in Frameworks */,
			);
			runOnlyForDeploymentPostprocessing = 0;
		};
/* End PBXFrameworksBuildPhase section */

/* Begin PBXGroup section */
		E931EDA62B21F2A00044786E /* Frameworks */ = {
			isa = PBXGroup;
			children = (
			);
			name = Frameworks;
			sourceTree = "<group>";
		};
		E9A2B6E92B205375007DF1E2 = {
			isa = PBXGroup;
			children = (
				E9A2B6F42B205375007DF1E2 /* XMLViewer */,
				E9A2B6F32B205375007DF1E2 /* Products */,
				E931EDA62B21F2A00044786E /* Frameworks */,
			);
			sourceTree = "<group>";
		};
		E9A2B6F32B205375007DF1E2 /* Products */ = {
			isa = PBXGroup;
			children = (
				E9A2B6F22B205375007DF1E2 /* XMLViewer.app */,
			);
			name = Products;
			sourceTree = "<group>";
		};
		E9A2B6F42B205375007DF1E2 /* XMLViewer */ = {
			isa = PBXGroup;
			children = (
				E9AD29D62B24BA8200A900F1 /* Main */,
				E9AD29D22B24BA3800A900F1 /* Sidebar */,
				E9AD29D32B24BA4400A900F1 /* Content */,
				E9AD29D42B24BA4D00A900F1 /* Inspector */,
				E9AD29D52B24BA7300A900F1 /* Models */,
				E9AD29D72B24BA8F00A900F1 /* Utils */,
				E931EDAB2B21F4270044786E /* Info.plist */,
				E9A2B6F92B205376007DF1E2 /* Assets.xcassets */,
				E9A2B6FB2B205376007DF1E2 /* Main.storyboard */,
				E9AD2A3C2B277A7F00A900F1 /* ContainerView.xib */,
				E9A2B6FE2B205376007DF1E2 /* XMLViewer.entitlements */,
			);
			path = XMLViewer;
			sourceTree = "<group>";
		};
		E9AD29D22B24BA3800A900F1 /* Sidebar */ = {
			isa = PBXGroup;
			children = (
				E9A2B70C2B205CA9007DF1E2 /* SidebarViewController.swift */,
				E9014E0B2B23684D00B14280 /* SidebarCellView.swift */,
			);
			path = Sidebar;
			sourceTree = "<group>";
		};
		E9AD29D32B24BA4400A900F1 /* Content */ = {
			isa = PBXGroup;
			children = (
				E9CC81142B22F8E0005DAF2F /* ContentViewController.swift */,
				E9AD2A3A2B27783100A900F1 /* EmbedViewController.swift */,
				E9AD2A382B274FD900A900F1 /* FocusObservationSplitViewController.swift */,
				E9AD2A342B274ADB00A900F1 /* OutlineSplitViewController.swift */,
				E9AD2A362B274AF200A900F1 /* TextSplitViewController.swift */,
				E9014E122B236EB700B14280 /* TextViewController.swift */,
				E9A2B70E2B205CAF007DF1E2 /* OutlineViewController.swift */,
				E9AD29D02B24BA0400A900F1 /* TreeNodeCellView.swift */,
			);
			path = Content;
			sourceTree = "<group>";
		};
		E9AD29D42B24BA4D00A900F1 /* Inspector */ = {
			isa = PBXGroup;
			children = (
				E9014E172B2487F000B14280 /* InspectorViewController.swift */,
				E9AD29CE2B24B9D000A900F1 /* InspectorCellView.swift */,
			);
			path = Inspector;
			sourceTree = "<group>";
		};
		E9AD29D52B24BA7300A900F1 /* Models */ = {
			isa = PBXGroup;
			children = (
				E9AD2A282B25FB6100A900F1 /* XMLDocumentItem.swift */,
				E9AD2A2A2B25FB6700A900F1 /* XMLDocumentItemStore.swift */,
				E9AD2A262B25F55B00A900F1 /* XMLNode.Kind+.swift */,
				E9AD29DE2B24FD7700A900F1 /* XMLViewMode.swift */,
				E9CC810A2B21BB1C005DAF2F /* XMLNodeItem.swift */,
			);
			path = Models;
			sourceTree = "<group>";
		};
		E9AD29D62B24BA8200A900F1 /* Main */ = {
			isa = PBXGroup;
			children = (
				E9A2B6F52B205375007DF1E2 /* AppDelegate.swift */,
				E9AD29DC2B24F78100A900F1 /* WelcomeManager.swift */,
				E931EDA92B21F2BD0044786E /* Document.swift */,
				E9AD2A1E2B25E01800A900F1 /* DocumentController.swift */,
				E9CC810C2B21D1AE005DAF2F /* WindowController.swift */,
				E9A2B6F72B205375007DF1E2 /* MainSplitViewController.swift */,
				E931EDAC2B2215D40044786E /* ToolbarController.swift */,
			);
			path = Main;
			sourceTree = "<group>";
		};
		E9AD29D72B24BA8F00A900F1 /* Utils */ = {
			isa = PBXGroup;
			children = (
				E9AD2A2C2B25FBEC00A900F1 /* Storyboard.swift */,
				E9CC81082B21BB07005DAF2F /* XMLDocument+.swift */,
				E9CC81062B21BA66005DAF2F /* XMLParserDelegate.swift */,
				E9014E0E2B2368F300B14280 /* Then.swift */,
			);
			path = Utils;
			sourceTree = "<group>";
		};
/* End PBXGroup section */

/* Begin PBXNativeTarget section */
		E9A2B6F12B205375007DF1E2 /* XMLViewer */ = {
			isa = PBXNativeTarget;
			buildConfigurationList = E9A2B7012B205376007DF1E2 /* Build configuration list for PBXNativeTarget "XMLViewer" */;
			buildPhases = (
				E9A2B6EE2B205375007DF1E2 /* Sources */,
				E9A2B6EF2B205375007DF1E2 /* Frameworks */,
				E9A2B6F02B205375007DF1E2 /* Resources */,
			);
			buildRules = (
			);
			dependencies = (
			);
			name = XMLViewer;
			packageProductDependencies = (
				E931EDAF2B2219820044786E /* UIFoundation */,
				E9CC81122B22CC69005DAF2F /* SFSymbol */,
				E9AD29FC2B256F9600A900F1 /* MagicLoading */,
				E9AD2A212B25F2F300A900F1 /* ZIPFoundation */,
				E9AD2A242B25F42F00A900F1 /* IDEIcons */,
				E9AD2A2F2B261C3A00A900F1 /* WelcomeKit */,
				E9AD2A322B2744CA00A900F1 /* KeyCodes */,
			);
			productName = XMLViewer;
			productReference = E9A2B6F22B205375007DF1E2 /* XMLViewer.app */;
			productType = "com.apple.product-type.application";
		};
/* End PBXNativeTarget section */

/* Begin PBXProject section */
		E9A2B6EA2B205375007DF1E2 /* Project object */ = {
			isa = PBXProject;
			attributes = {
				BuildIndependentTargetsInParallel = 1;
				LastSwiftUpdateCheck = 1500;
				LastUpgradeCheck = 1500;
				TargetAttributes = {
					E9A2B6F12B205375007DF1E2 = {
						CreatedOnToolsVersion = 15.0.1;
					};
				};
			};
			buildConfigurationList = E9A2B6ED2B205375007DF1E2 /* Build configuration list for PBXProject "XMLViewer" */;
			compatibilityVersion = "Xcode 14.0";
			developmentRegion = en;
			hasScannedForEncodings = 0;
			knownRegions = (
				en,
				Base,
			);
			mainGroup = E9A2B6E92B205375007DF1E2;
			packageReferences = (
				E931EDAE2B2219820044786E /* XCRemoteSwiftPackageReference "UIFoundation" */,
				E9CC81112B22CC69005DAF2F /* XCRemoteSwiftPackageReference "SFSymbol" */,
				E9AD29FB2B256F9600A900F1 /* XCRemoteSwiftPackageReference "MagicLoading" */,
				E9AD2A202B25F2F300A900F1 /* XCRemoteSwiftPackageReference "ZIPFoundation" */,
				E9AD2A232B25F42F00A900F1 /* XCRemoteSwiftPackageReference "ide-icons" */,
				E9AD2A2E2B261C3A00A900F1 /* XCRemoteSwiftPackageReference "WelcomeKit" */,
				E9AD2A312B2744CA00A900F1 /* XCRemoteSwiftPackageReference "KeyCodes" */,
			);
			productRefGroup = E9A2B6F32B205375007DF1E2 /* Products */;
			projectDirPath = "";
			projectRoot = "";
			targets = (
				E9A2B6F12B205375007DF1E2 /* XMLViewer */,
			);
		};
/* End PBXProject section */

/* Begin PBXResourcesBuildPhase section */
		E9A2B6F02B205375007DF1E2 /* Resources */ = {
			isa = PBXResourcesBuildPhase;
			buildActionMask = 2147483647;
			files = (
				E9A2B6FA2B205376007DF1E2 /* Assets.xcassets in Resources */,
				E9AD2A3D2B277A7F00A900F1 /* ContainerView.xib in Resources */,
				E9A2B6FD2B205376007DF1E2 /* Main.storyboard in Resources */,
			);
			runOnlyForDeploymentPostprocessing = 0;
		};
/* End PBXResourcesBuildPhase section */

/* Begin PBXSourcesBuildPhase section */
		E9A2B6EE2B205375007DF1E2 /* Sources */ = {
			isa = PBXSourcesBuildPhase;
			buildActionMask = 2147483647;
			files = (
				E9AD29DD2B24F78100A900F1 /* WelcomeManager.swift in Sources */,
				E9CC81072B21BA66005DAF2F /* XMLParserDelegate.swift in Sources */,
				E9AD2A372B274AF200A900F1 /* TextSplitViewController.swift in Sources */,
				E9AD2A352B274ADB00A900F1 /* OutlineSplitViewController.swift in Sources */,
				E9AD2A1F2B25E01800A900F1 /* DocumentController.swift in Sources */,
				E9AD2A392B274FD900A900F1 /* FocusObservationSplitViewController.swift in Sources */,
				E9A2B6F82B205375007DF1E2 /* MainSplitViewController.swift in Sources */,
				E9AD2A2D2B25FBEC00A900F1 /* Storyboard.swift in Sources */,
				E9A2B70D2B205CA9007DF1E2 /* SidebarViewController.swift in Sources */,
				E9AD2A272B25F55B00A900F1 /* XMLNode.Kind+.swift in Sources */,
				E9A2B70F2B205CAF007DF1E2 /* OutlineViewController.swift in Sources */,
				E9CC81092B21BB07005DAF2F /* XMLDocument+.swift in Sources */,
				E9AD29CF2B24B9D000A900F1 /* InspectorCellView.swift in Sources */,
				E9AD2A2B2B25FB6700A900F1 /* XMLDocumentItemStore.swift in Sources */,
				E9014E132B236EB700B14280 /* TextViewController.swift in Sources */,
				E9014E0C2B23684D00B14280 /* SidebarCellView.swift in Sources */,
				E9AD2A3B2B27783100A900F1 /* EmbedViewController.swift in Sources */,
				E931EDAA2B21F2BD0044786E /* Document.swift in Sources */,
				E9014E0F2B2368F300B14280 /* Then.swift in Sources */,
				E9AD2A292B25FB6100A900F1 /* XMLDocumentItem.swift in Sources */,
				E9CC81152B22F8E0005DAF2F /* ContentViewController.swift in Sources */,
				E9CC810B2B21BB1C005DAF2F /* XMLNodeItem.swift in Sources */,
				E9AD29DF2B24FD7700A900F1 /* XMLViewMode.swift in Sources */,
				E931EDAD2B2215D40044786E /* ToolbarController.swift in Sources */,
				E9AD29D12B24BA0400A900F1 /* TreeNodeCellView.swift in Sources */,
				E9CC810D2B21D1AE005DAF2F /* WindowController.swift in Sources */,
				E9014E182B2487F000B14280 /* InspectorViewController.swift in Sources */,
				E9A2B6F62B205375007DF1E2 /* AppDelegate.swift in Sources */,
			);
			runOnlyForDeploymentPostprocessing = 0;
		};
/* End PBXSourcesBuildPhase section */

/* Begin PBXVariantGroup section */
		E9A2B6FB2B205376007DF1E2 /* Main.storyboard */ = {
			isa = PBXVariantGroup;
			children = (
				E9A2B6FC2B205376007DF1E2 /* Base */,
			);
			name = Main.storyboard;
			sourceTree = "<group>";
		};
/* End PBXVariantGroup section */

/* Begin XCBuildConfiguration section */
		E9A2B6FF2B205376007DF1E2 /* Debug */ = {
			isa = XCBuildConfiguration;
			buildSettings = {
				ALWAYS_SEARCH_USER_PATHS = NO;
				ASSETCATALOG_COMPILER_GENERATE_SWIFT_ASSET_SYMBOL_EXTENSIONS = YES;
				CLANG_ANALYZER_NONNULL = YES;
				CLANG_ANALYZER_NUMBER_OBJECT_CONVERSION = YES_AGGRESSIVE;
				CLANG_CXX_LANGUAGE_STANDARD = "gnu++20";
				CLANG_ENABLE_MODULES = YES;
				CLANG_ENABLE_OBJC_ARC = YES;
				CLANG_ENABLE_OBJC_WEAK = YES;
				CLANG_WARN_BLOCK_CAPTURE_AUTORELEASING = YES;
				CLANG_WARN_BOOL_CONVERSION = YES;
				CLANG_WARN_COMMA = YES;
				CLANG_WARN_CONSTANT_CONVERSION = YES;
				CLANG_WARN_DEPRECATED_OBJC_IMPLEMENTATIONS = YES;
				CLANG_WARN_DIRECT_OBJC_ISA_USAGE = YES_ERROR;
				CLANG_WARN_DOCUMENTATION_COMMENTS = YES;
				CLANG_WARN_EMPTY_BODY = YES;
				CLANG_WARN_ENUM_CONVERSION = YES;
				CLANG_WARN_INFINITE_RECURSION = YES;
				CLANG_WARN_INT_CONVERSION = YES;
				CLANG_WARN_NON_LITERAL_NULL_CONVERSION = YES;
				CLANG_WARN_OBJC_IMPLICIT_RETAIN_SELF = YES;
				CLANG_WARN_OBJC_LITERAL_CONVERSION = YES;
				CLANG_WARN_OBJC_ROOT_CLASS = YES_ERROR;
				CLANG_WARN_QUOTED_INCLUDE_IN_FRAMEWORK_HEADER = YES;
				CLANG_WARN_RANGE_LOOP_ANALYSIS = YES;
				CLANG_WARN_STRICT_PROTOTYPES = YES;
				CLANG_WARN_SUSPICIOUS_MOVE = YES;
				CLANG_WARN_UNGUARDED_AVAILABILITY = YES_AGGRESSIVE;
				CLANG_WARN_UNREACHABLE_CODE = YES;
				CLANG_WARN__DUPLICATE_METHOD_MATCH = YES;
				COPY_PHASE_STRIP = NO;
				DEBUG_INFORMATION_FORMAT = dwarf;
				ENABLE_STRICT_OBJC_MSGSEND = YES;
				ENABLE_TESTABILITY = YES;
				ENABLE_USER_SCRIPT_SANDBOXING = YES;
				GCC_C_LANGUAGE_STANDARD = gnu17;
				GCC_DYNAMIC_NO_PIC = NO;
				GCC_NO_COMMON_BLOCKS = YES;
				GCC_OPTIMIZATION_LEVEL = 0;
				GCC_PREPROCESSOR_DEFINITIONS = (
					"DEBUG=1",
					"$(inherited)",
				);
				GCC_WARN_64_TO_32_BIT_CONVERSION = YES;
				GCC_WARN_ABOUT_RETURN_TYPE = YES_ERROR;
				GCC_WARN_UNDECLARED_SELECTOR = YES;
				GCC_WARN_UNINITIALIZED_AUTOS = YES_AGGRESSIVE;
				GCC_WARN_UNUSED_FUNCTION = YES;
				GCC_WARN_UNUSED_VARIABLE = YES;
				LOCALIZATION_PREFERS_STRING_CATALOGS = YES;
				MACOSX_DEPLOYMENT_TARGET = 12.0;
				MTL_ENABLE_DEBUG_INFO = INCLUDE_SOURCE;
				MTL_FAST_MATH = YES;
				ONLY_ACTIVE_ARCH = YES;
				SDKROOT = macosx;
				SWIFT_ACTIVE_COMPILATION_CONDITIONS = "DEBUG $(inherited)";
				SWIFT_OPTIMIZATION_LEVEL = "-Onone";
			};
			name = Debug;
		};
		E9A2B7002B205376007DF1E2 /* Release */ = {
			isa = XCBuildConfiguration;
			buildSettings = {
				ALWAYS_SEARCH_USER_PATHS = NO;
				ASSETCATALOG_COMPILER_GENERATE_SWIFT_ASSET_SYMBOL_EXTENSIONS = YES;
				CLANG_ANALYZER_NONNULL = YES;
				CLANG_ANALYZER_NUMBER_OBJECT_CONVERSION = YES_AGGRESSIVE;
				CLANG_CXX_LANGUAGE_STANDARD = "gnu++20";
				CLANG_ENABLE_MODULES = YES;
				CLANG_ENABLE_OBJC_ARC = YES;
				CLANG_ENABLE_OBJC_WEAK = YES;
				CLANG_WARN_BLOCK_CAPTURE_AUTORELEASING = YES;
				CLANG_WARN_BOOL_CONVERSION = YES;
				CLANG_WARN_COMMA = YES;
				CLANG_WARN_CONSTANT_CONVERSION = YES;
				CLANG_WARN_DEPRECATED_OBJC_IMPLEMENTATIONS = YES;
				CLANG_WARN_DIRECT_OBJC_ISA_USAGE = YES_ERROR;
				CLANG_WARN_DOCUMENTATION_COMMENTS = YES;
				CLANG_WARN_EMPTY_BODY = YES;
				CLANG_WARN_ENUM_CONVERSION = YES;
				CLANG_WARN_INFINITE_RECURSION = YES;
				CLANG_WARN_INT_CONVERSION = YES;
				CLANG_WARN_NON_LITERAL_NULL_CONVERSION = YES;
				CLANG_WARN_OBJC_IMPLICIT_RETAIN_SELF = YES;
				CLANG_WARN_OBJC_LITERAL_CONVERSION = YES;
				CLANG_WARN_OBJC_ROOT_CLASS = YES_ERROR;
				CLANG_WARN_QUOTED_INCLUDE_IN_FRAMEWORK_HEADER = YES;
				CLANG_WARN_RANGE_LOOP_ANALYSIS = YES;
				CLANG_WARN_STRICT_PROTOTYPES = YES;
				CLANG_WARN_SUSPICIOUS_MOVE = YES;
				CLANG_WARN_UNGUARDED_AVAILABILITY = YES_AGGRESSIVE;
				CLANG_WARN_UNREACHABLE_CODE = YES;
				CLANG_WARN__DUPLICATE_METHOD_MATCH = YES;
				COPY_PHASE_STRIP = NO;
				DEBUG_INFORMATION_FORMAT = "dwarf-with-dsym";
				ENABLE_NS_ASSERTIONS = NO;
				ENABLE_STRICT_OBJC_MSGSEND = YES;
				ENABLE_USER_SCRIPT_SANDBOXING = YES;
				GCC_C_LANGUAGE_STANDARD = gnu17;
				GCC_NO_COMMON_BLOCKS = YES;
				GCC_WARN_64_TO_32_BIT_CONVERSION = YES;
				GCC_WARN_ABOUT_RETURN_TYPE = YES_ERROR;
				GCC_WARN_UNDECLARED_SELECTOR = YES;
				GCC_WARN_UNINITIALIZED_AUTOS = YES_AGGRESSIVE;
				GCC_WARN_UNUSED_FUNCTION = YES;
				GCC_WARN_UNUSED_VARIABLE = YES;
				LOCALIZATION_PREFERS_STRING_CATALOGS = YES;
				MACOSX_DEPLOYMENT_TARGET = 12.0;
				MTL_ENABLE_DEBUG_INFO = NO;
				MTL_FAST_MATH = YES;
				SDKROOT = macosx;
				SWIFT_COMPILATION_MODE = wholemodule;
			};
			name = Release;
		};
		E9A2B7022B205376007DF1E2 /* Debug */ = {
			isa = XCBuildConfiguration;
			buildSettings = {
				ASSETCATALOG_COMPILER_APPICON_NAME = AppIcon;
				ASSETCATALOG_COMPILER_GLOBAL_ACCENT_COLOR_NAME = AccentColor;
				CODE_SIGN_ENTITLEMENTS = XMLViewer/XMLViewer.entitlements;
				CODE_SIGN_STYLE = Automatic;
				COMBINE_HIDPI_IMAGES = YES;
				CURRENT_PROJECT_VERSION = 1;
				DEVELOPMENT_TEAM = D5Q73692VW;
				ENABLE_HARDENED_RUNTIME = YES;
				GENERATE_INFOPLIST_FILE = YES;
				INFOPLIST_FILE = XMLViewer/Info.plist;
				INFOPLIST_KEY_LSApplicationCategoryType = "public.app-category.developer-tools";
				INFOPLIST_KEY_NSHumanReadableCopyright = "";
				INFOPLIST_KEY_NSMainStoryboardFile = Main;
				INFOPLIST_KEY_NSPrincipalClass = NSApplication;
				LD_RUNPATH_SEARCH_PATHS = (
					"$(inherited)",
					"@executable_path/../Frameworks",
				);
				MACOSX_DEPLOYMENT_TARGET = 12.0;
				MARKETING_VERSION = 1.0;
				PRODUCT_BUNDLE_IDENTIFIER = com.JH.XMLViewer;
				PRODUCT_NAME = "$(TARGET_NAME)";
				SWIFT_EMIT_LOC_STRINGS = YES;
				SWIFT_VERSION = 5.0;
			};
			name = Debug;
		};
		E9A2B7032B205376007DF1E2 /* Release */ = {
			isa = XCBuildConfiguration;
			buildSettings = {
				ASSETCATALOG_COMPILER_APPICON_NAME = AppIcon;
				ASSETCATALOG_COMPILER_GLOBAL_ACCENT_COLOR_NAME = AccentColor;
				CODE_SIGN_ENTITLEMENTS = XMLViewer/XMLViewer.entitlements;
				CODE_SIGN_STYLE = Automatic;
				COMBINE_HIDPI_IMAGES = YES;
				CURRENT_PROJECT_VERSION = 1;
				DEVELOPMENT_TEAM = D5Q73692VW;
				ENABLE_HARDENED_RUNTIME = YES;
				GENERATE_INFOPLIST_FILE = YES;
				INFOPLIST_FILE = XMLViewer/Info.plist;
				INFOPLIST_KEY_LSApplicationCategoryType = "public.app-category.developer-tools";
				INFOPLIST_KEY_NSHumanReadableCopyright = "";
				INFOPLIST_KEY_NSMainStoryboardFile = Main;
				INFOPLIST_KEY_NSPrincipalClass = NSApplication;
				LD_RUNPATH_SEARCH_PATHS = (
					"$(inherited)",
					"@executable_path/../Frameworks",
				);
				MACOSX_DEPLOYMENT_TARGET = 12.0;
				MARKETING_VERSION = 1.0;
				PRODUCT_BUNDLE_IDENTIFIER = com.JH.XMLViewer;
				PRODUCT_NAME = "$(TARGET_NAME)";
				SWIFT_EMIT_LOC_STRINGS = YES;
				SWIFT_VERSION = 5.0;
			};
			name = Release;
		};
/* End XCBuildConfiguration section */

/* Begin XCConfigurationList section */
		E9A2B6ED2B205375007DF1E2 /* Build configuration list for PBXProject "XMLViewer" */ = {
			isa = XCConfigurationList;
			buildConfigurations = (
				E9A2B6FF2B205376007DF1E2 /* Debug */,
				E9A2B7002B205376007DF1E2 /* Release */,
			);
			defaultConfigurationIsVisible = 0;
			defaultConfigurationName = Release;
		};
		E9A2B7012B205376007DF1E2 /* Build configuration list for PBXNativeTarget "XMLViewer" */ = {
			isa = XCConfigurationList;
			buildConfigurations = (
				E9A2B7022B205376007DF1E2 /* Debug */,
				E9A2B7032B205376007DF1E2 /* Release */,
			);
			defaultConfigurationIsVisible = 0;
			defaultConfigurationName = Release;
		};
/* End XCConfigurationList section */

/* Begin XCRemoteSwiftPackageReference section */
		E931EDAE2B2219820044786E /* XCRemoteSwiftPackageReference "UIFoundation" */ = {
			isa = XCRemoteSwiftPackageReference;
			repositoryURL = "https://github.com/Mx-Iris/UIFoundation";
			requirement = {
				branch = main;
				kind = branch;
			};
		};
		E9AD29FB2B256F9600A900F1 /* XCRemoteSwiftPackageReference "MagicLoading" */ = {
			isa = XCRemoteSwiftPackageReference;
			repositoryURL = "https://github.com/danielpunkass/MagicLoading";
			requirement = {
				branch = main;
				kind = branch;
			};
		};
		E9AD2A202B25F2F300A900F1 /* XCRemoteSwiftPackageReference "ZIPFoundation" */ = {
			isa = XCRemoteSwiftPackageReference;
			repositoryURL = "https://github.com/weichsel/ZIPFoundation";
			requirement = {
				kind = upToNextMajorVersion;
				minimumVersion = 0.9.17;
			};
		};
		E9AD2A232B25F42F00A900F1 /* XCRemoteSwiftPackageReference "ide-icons" */ = {
			isa = XCRemoteSwiftPackageReference;
			repositoryURL = "https://github.com/freysie/ide-icons";
			requirement = {
				branch = main;
				kind = branch;
			};
		};
		E9AD2A2E2B261C3A00A900F1 /* XCRemoteSwiftPackageReference "WelcomeKit" */ = {
			isa = XCRemoteSwiftPackageReference;
			repositoryURL = "https://github.com/Mx-Iris/WelcomeKit";
			requirement = {
				branch = main;
				kind = branch;
			};
		};
		E9AD2A312B2744CA00A900F1 /* XCRemoteSwiftPackageReference "KeyCodes" */ = {
			isa = XCRemoteSwiftPackageReference;
			repositoryURL = "https://github.com/ChimeHQ/KeyCodes.git";
			requirement = {
				kind = upToNextMajorVersion;
				minimumVersion = 1.0.0;
			};
		};
		E9CC81112B22CC69005DAF2F /* XCRemoteSwiftPackageReference "SFSymbol" */ = {
			isa = XCRemoteSwiftPackageReference;
			repositoryURL = "https://github.com/Mx-Iris/SFSymbol";
			requirement = {
				branch = main;
				kind = branch;
			};
		};
/* End XCRemoteSwiftPackageReference section */

/* Begin XCSwiftPackageProductDependency section */
		E931EDAF2B2219820044786E /* UIFoundation */ = {
			isa = XCSwiftPackageProductDependency;
			package = E931EDAE2B2219820044786E /* XCRemoteSwiftPackageReference "UIFoundation" */;
			productName = UIFoundation;
		};
		E9AD29FC2B256F9600A900F1 /* MagicLoading */ = {
			isa = XCSwiftPackageProductDependency;
			package = E9AD29FB2B256F9600A900F1 /* XCRemoteSwiftPackageReference "MagicLoading" */;
			productName = MagicLoading;
		};
		E9AD2A212B25F2F300A900F1 /* ZIPFoundation */ = {
			isa = XCSwiftPackageProductDependency;
			package = E9AD2A202B25F2F300A900F1 /* XCRemoteSwiftPackageReference "ZIPFoundation" */;
			productName = ZIPFoundation;
		};
		E9AD2A242B25F42F00A900F1 /* IDEIcons */ = {
			isa = XCSwiftPackageProductDependency;
			package = E9AD2A232B25F42F00A900F1 /* XCRemoteSwiftPackageReference "ide-icons" */;
			productName = IDEIcons;
		};
		E9AD2A2F2B261C3A00A900F1 /* WelcomeKit */ = {
			isa = XCSwiftPackageProductDependency;
			package = E9AD2A2E2B261C3A00A900F1 /* XCRemoteSwiftPackageReference "WelcomeKit" */;
			productName = WelcomeKit;
		};
		E9AD2A322B2744CA00A900F1 /* KeyCodes */ = {
			isa = XCSwiftPackageProductDependency;
			package = E9AD2A312B2744CA00A900F1 /* XCRemoteSwiftPackageReference "KeyCodes" */;
			productName = KeyCodes;
		};
		E9CC81122B22CC69005DAF2F /* SFSymbol */ = {
			isa = XCSwiftPackageProductDependency;
			package = E9CC81112B22CC69005DAF2F /* XCRemoteSwiftPackageReference "SFSymbol" */;
			productName = SFSymbol;
		};
/* End XCSwiftPackageProductDependency section */
	};
	rootObject = E9A2B6EA2B205375007DF1E2 /* Project object */;
}
